
Microsoft Visual Studio Solution File, Format Version 12.00
# Visual Studio Version 17
VisualStudioVersion = 17.14.36310.24
MinimumVisualStudioVersion = 10.0.40219.1
Project("{2150E333-8FDC-42A3-9474-1A3956D46DE8}") = "Services", "Services", "{02EA681E-C7D8-13C7-8484-4AC65E1B71E8}"
EndProject
Project("{2150E333-8FDC-42A3-9474-1A3956D46DE8}") = "Catalog", "Catalog", "{A17CB24F-78A6-4D06-BBA4-271B75E9A07F}"
EndProject
Project("{FAE04EC0-301F-11D3-BF4B-00C04F79EFBC}") = "Catalog.API", "Services\Catalog\Catalog.API\Catalog.API.csproj", "{4A777C4A-B0F2-47A0-94F9-AE714CDA7114}"
EndProject
Project("{2150E333-8FDC-42A3-9474-1A3956D46DE8}") = "BuildingBlocks", "BuildingBlocks", "{F05C0BC5-E0FA-4F2C-B55E-D81D11399C8C}"
EndProject
Project("{FAE04EC0-301F-11D3-BF4B-00C04F79EFBC}") = "BuildingBlocks", "BuildingBlocks\BuildingBlocks\BuildingBlocks.csproj", "{012D67DD-CC04-42FC-ABA4-153C285F9281}"
EndProject
Project("{E53339B2-1760-4266-BCC7-CA923CBCF16C}") = "docker-compose", "docker-compose.dcproj", "{81DDED9D-158B-E303-5F62-77A2896D2A5A}"
EndProject
Global
	GlobalSection(SolutionConfigurationPlatforms) = preSolution
		Debug|Any CPU = Debug|Any CPU
		Release|Any CPU = Release|Any CPU
	EndGlobalSection
	GlobalSection(ProjectConfigurationPlatforms) = postSolution
		{4A777C4A-B0F2-47A0-94F9-AE714CDA7114}.Debug|Any CPU.ActiveCfg = Debug|Any CPU
		{4A777C4A-B0F2-47A0-94F9-AE714CDA7114}.Debug|Any CPU.Build.0 = Debug|Any CPU
		{4A777C4A-B0F2-47A0-94F9-AE714CDA7114}.Release|Any CPU.ActiveCfg = Release|Any CPU
		{4A777C4A-B0F2-47A0-94F9-AE714CDA7114}.Release|Any CPU.Build.0 = Release|Any CPU
		{012D67DD-CC04-42FC-ABA4-153C285F9281}.Debug|Any CPU.ActiveCfg = Debug|Any CPU
		{012D67DD-CC04-42FC-ABA4-153C285F9281}.Debug|Any CPU.Build.0 = Debug|Any CPU
		{012D67DD-CC04-42FC-ABA4-153C285F9281}.Release|Any CPU.ActiveCfg = Release|Any CPU
		{012D67DD-CC04-42FC-ABA4-153C285F9281}.Release|Any CPU.Build.0 = Release|Any CPU
		{81DDED9D-158B-E303-5F62-77A2896D2A5A}.Debug|Any CPU.ActiveCfg = Debug|Any CPU
		{81DDED9D-158B-E303-5F62-77A2896D2A5A}.Debug|Any CPU.Build.0 = Debug|Any CPU
		{81DDED9D-158B-E303-5F62-77A2896D2A5A}.Release|Any CPU.ActiveCfg = Release|Any CPU
		{81DDED9D-158B-E303-5F62-77A2896D2A5A}.Release|Any CPU.Build.0 = Release|Any CPU
	EndGlobalSection
	GlobalSection(SolutionProperties) = preSolution
		HideSolutionNode = FALSE
	EndGlobalSection
	GlobalSection(NestedProjects) = preSolution
		{A17CB24F-78A6-4D06-BBA4-271B75E9A07F} = {02EA681E-C7D8-13C7-8484-4AC65E1B71E8}
		{4A777C4A-B0F2-47A0-94F9-AE714CDA7114} = {A17CB24F-78A6-4D06-BBA4-271B75E9A07F}
		{012D67DD-CC04-42FC-ABA4-153C285F9281} = {F05C0BC5-E0FA-4F2C-B55E-D81D11399C8C}
	EndGlobalSection
	GlobalSection(ExtensibilityGlobals) = postSolution
		SolutionGuid = {622F992C-78D3-493A-BB25-068478D49721}
	EndGlobalSection
EndGlobal
