
Microsoft Visual Studio Solution File, Format Version 12.00
# Visual Studio Version 17
VisualStudioVersion = 17.14.36310.24
MinimumVisualStudioVersion = 10.0.40219.1
Project("{2150E333-8FDC-42A3-9474-1A3956D46DE8}") = "Services", "Services", "{02EA681E-C7D8-13C7-8484-4AC65E1B71E8}"
EndProject
Project("{2150E333-8FDC-42A3-9474-1A3956D46DE8}") = "Catalog", "Catalog", "{A17CB24F-78A6-4D06-BBA4-271B75E9A07F}"
EndProject
Project("{FAE04EC0-301F-11D3-BF4B-00C04F79EFBC}") = "Catalog.API", "Services\Catalog\Catalog.API\Catalog.API.csproj", "{4A777C4A-B0F2-47A0-94F9-AE714CDA7114}"
EndProject
Project("{2150E333-8FDC-42A3-9474-1A3956D46DE8}") = "BuildingBlocks", "BuildingBlocks", "{F05C0BC5-E0FA-4F2C-B55E-D81D11399C8C}"
EndProject
Project("{FAE04EC0-301F-11D3-BF4B-00C04F79EFBC}") = "BuildingBlocks", "BuildingBlocks\BuildingBlocks\BuildingBlocks.csproj", "{012D67DD-CC04-42FC-ABA4-153C285F9281}"
EndProject
Project("{E53339B2-1760-4266-BCC7-CA923CBCF16C}") = "docker-compose", "docker-compose.dcproj", "{81DDED9D-158B-E303-5F62-77A2896D2A5A}"
EndProject
Project("{2150E333-8FDC-42A3-9474-1A3956D46DE8}") = "Basket", "Basket", "{7DA6DBA1-E0BB-4447-8977-FC317F7F8DE4}"
EndProject
Project("{FAE04EC0-301F-11D3-BF4B-00C04F79EFBC}") = "Basket.API", "Services\Basket\Basket.API\Basket.API.csproj", "{D2880DF2-735A-49E6-BD4D-FDDFBD143820}"
EndProject
Project("{2150E333-8FDC-42A3-9474-1A3956D46DE8}") = "Discount", "Discount", "{2F0294C2-7EA0-48AE-92A1-686168A8FD20}"
EndProject
Project("{FAE04EC0-301F-11D3-BF4B-00C04F79EFBC}") = "Discount.Grpc", "Services\Discount\Discount.Grpc\Discount.Grpc.csproj", "{41F9E93C-FE65-4719-83DC-E2E269892B98}"
EndProject
Project("{2150E333-8FDC-42A3-9474-1A3956D46DE8}") = "Ordering", "Ordering", "{33D72901-F547-4DB9-B84F-75F96A74D8E7}"
EndProject
Project("{FAE04EC0-301F-11D3-BF4B-00C04F79EFBC}") = "Ordering.API", "Services\Ordering\Ordering.API\Ordering.API.csproj", "{67F0EA25-C9BB-47B5-8AD4-0EF7438914B0}"
EndProject
Project("{FAE04EC0-301F-11D3-BF4B-00C04F79EFBC}") = "Ordering.Domain", "Services\Ordering\Ordering.Domain\Ordering.Domain.csproj", "{97F5A03F-9496-484E-A964-72E24194D38C}"
EndProject
Project("{FAE04EC0-301F-11D3-BF4B-00C04F79EFBC}") = "Ordering.Application", "Services\Ordering\Ordering.Application\Ordering.Application.csproj", "{ACCB4D3A-DC61-41CF-8646-240E72D3F6C8}"
EndProject
Project("{FAE04EC0-301F-11D3-BF4B-00C04F79EFBC}") = "Ordering.Infrastructure", "Services\Ordering\Ordering.Infrastructure\Ordering.Infrastructure.csproj", "{7D516530-F8B8-4B18-A9E1-BDE49E02BBE9}"
EndProject
Global
	GlobalSection(SolutionConfigurationPlatforms) = preSolution
		Debug|Any CPU = Debug|Any CPU
		Release|Any CPU = Release|Any CPU
	EndGlobalSection
	GlobalSection(ProjectConfigurationPlatforms) = postSolution
		{4A777C4A-B0F2-47A0-94F9-AE714CDA7114}.Debug|Any CPU.ActiveCfg = Debug|Any CPU
		{4A777C4A-B0F2-47A0-94F9-AE714CDA7114}.Debug|Any CPU.Build.0 = Debug|Any CPU
		{4A777C4A-B0F2-47A0-94F9-AE714CDA7114}.Release|Any CPU.ActiveCfg = Release|Any CPU
		{4A777C4A-B0F2-47A0-94F9-AE714CDA7114}.Release|Any CPU.Build.0 = Release|Any CPU
		{012D67DD-CC04-42FC-ABA4-153C285F9281}.Debug|Any CPU.ActiveCfg = Debug|Any CPU
		{012D67DD-CC04-42FC-ABA4-153C285F9281}.Debug|Any CPU.Build.0 = Debug|Any CPU
		{012D67DD-CC04-42FC-ABA4-153C285F9281}.Release|Any CPU.ActiveCfg = Release|Any CPU
		{012D67DD-CC04-42FC-ABA4-153C285F9281}.Release|Any CPU.Build.0 = Release|Any CPU
		{81DDED9D-158B-E303-5F62-77A2896D2A5A}.Debug|Any CPU.ActiveCfg = Debug|Any CPU
		{81DDED9D-158B-E303-5F62-77A2896D2A5A}.Debug|Any CPU.Build.0 = Debug|Any CPU
		{81DDED9D-158B-E303-5F62-77A2896D2A5A}.Release|Any CPU.ActiveCfg = Release|Any CPU
		{81DDED9D-158B-E303-5F62-77A2896D2A5A}.Release|Any CPU.Build.0 = Release|Any CPU
		{D2880DF2-735A-49E6-BD4D-FDDFBD143820}.Debug|Any CPU.ActiveCfg = Debug|Any CPU
		{D2880DF2-735A-49E6-BD4D-FDDFBD143820}.Debug|Any CPU.Build.0 = Debug|Any CPU
		{D2880DF2-735A-49E6-BD4D-FDDFBD143820}.Release|Any CPU.ActiveCfg = Release|Any CPU
		{D2880DF2-735A-49E6-BD4D-FDDFBD143820}.Release|Any CPU.Build.0 = Release|Any CPU
		{41F9E93C-FE65-4719-83DC-E2E269892B98}.Debug|Any CPU.ActiveCfg = Debug|Any CPU
		{41F9E93C-FE65-4719-83DC-E2E269892B98}.Debug|Any CPU.Build.0 = Debug|Any CPU
		{41F9E93C-FE65-4719-83DC-E2E269892B98}.Release|Any CPU.ActiveCfg = Release|Any CPU
		{41F9E93C-FE65-4719-83DC-E2E269892B98}.Release|Any CPU.Build.0 = Release|Any CPU
		{67F0EA25-C9BB-47B5-8AD4-0EF7438914B0}.Debug|Any CPU.ActiveCfg = Debug|Any CPU
		{67F0EA25-C9BB-47B5-8AD4-0EF7438914B0}.Debug|Any CPU.Build.0 = Debug|Any CPU
		{67F0EA25-C9BB-47B5-8AD4-0EF7438914B0}.Release|Any CPU.ActiveCfg = Release|Any CPU
		{67F0EA25-C9BB-47B5-8AD4-0EF7438914B0}.Release|Any CPU.Build.0 = Release|Any CPU
		{97F5A03F-9496-484E-A964-72E24194D38C}.Debug|Any CPU.ActiveCfg = Debug|Any CPU
		{97F5A03F-9496-484E-A964-72E24194D38C}.Debug|Any CPU.Build.0 = Debug|Any CPU
		{97F5A03F-9496-484E-A964-72E24194D38C}.Release|Any CPU.ActiveCfg = Release|Any CPU
		{97F5A03F-9496-484E-A964-72E24194D38C}.Release|Any CPU.Build.0 = Release|Any CPU
		{ACCB4D3A-DC61-41CF-8646-240E72D3F6C8}.Debug|Any CPU.ActiveCfg = Debug|Any CPU
		{ACCB4D3A-DC61-41CF-8646-240E72D3F6C8}.Debug|Any CPU.Build.0 = Debug|Any CPU
		{ACCB4D3A-DC61-41CF-8646-240E72D3F6C8}.Release|Any CPU.ActiveCfg = Release|Any CPU
		{ACCB4D3A-DC61-41CF-8646-240E72D3F6C8}.Release|Any CPU.Build.0 = Release|Any CPU
		{7D516530-F8B8-4B18-A9E1-BDE49E02BBE9}.Debug|Any CPU.ActiveCfg = Debug|Any CPU
		{7D516530-F8B8-4B18-A9E1-BDE49E02BBE9}.Debug|Any CPU.Build.0 = Debug|Any CPU
		{7D516530-F8B8-4B18-A9E1-BDE49E02BBE9}.Release|Any CPU.ActiveCfg = Release|Any CPU
		{7D516530-F8B8-4B18-A9E1-BDE49E02BBE9}.Release|Any CPU.Build.0 = Release|Any CPU
	EndGlobalSection
	GlobalSection(SolutionProperties) = preSolution
		HideSolutionNode = FALSE
	EndGlobalSection
	GlobalSection(NestedProjects) = preSolution
		{A17CB24F-78A6-4D06-BBA4-271B75E9A07F} = {02EA681E-C7D8-13C7-8484-4AC65E1B71E8}
		{4A777C4A-B0F2-47A0-94F9-AE714CDA7114} = {A17CB24F-78A6-4D06-BBA4-271B75E9A07F}
		{012D67DD-CC04-42FC-ABA4-153C285F9281} = {F05C0BC5-E0FA-4F2C-B55E-D81D11399C8C}
		{7DA6DBA1-E0BB-4447-8977-FC317F7F8DE4} = {02EA681E-C7D8-13C7-8484-4AC65E1B71E8}
		{D2880DF2-735A-49E6-BD4D-FDDFBD143820} = {7DA6DBA1-E0BB-4447-8977-FC317F7F8DE4}
		{2F0294C2-7EA0-48AE-92A1-686168A8FD20} = {02EA681E-C7D8-13C7-8484-4AC65E1B71E8}
		{41F9E93C-FE65-4719-83DC-E2E269892B98} = {2F0294C2-7EA0-48AE-92A1-686168A8FD20}
		{33D72901-F547-4DB9-B84F-75F96A74D8E7} = {02EA681E-C7D8-13C7-8484-4AC65E1B71E8}
		{67F0EA25-C9BB-47B5-8AD4-0EF7438914B0} = {33D72901-F547-4DB9-B84F-75F96A74D8E7}
		{97F5A03F-9496-484E-A964-72E24194D38C} = {33D72901-F547-4DB9-B84F-75F96A74D8E7}
		{ACCB4D3A-DC61-41CF-8646-240E72D3F6C8} = {33D72901-F547-4DB9-B84F-75F96A74D8E7}
		{7D516530-F8B8-4B18-A9E1-BDE49E02BBE9} = {33D72901-F547-4DB9-B84F-75F96A74D8E7}
	EndGlobalSection
	GlobalSection(ExtensibilityGlobals) = postSolution
		SolutionGuid = {622F992C-78D3-493A-BB25-068478D49721}
	EndGlobalSection
EndGlobal
